
Microsoft Visual Studio Solution File, Format Version 12.00
# Visual Studio Version 16
VisualStudioVersion = 16.0.29613.14
MinimumVisualStudioVersion = 10.0.40219.1
Project("{FAE04EC0-301F-11D3-BF4B-00C04F79EFBC}") = "dotNETtask10.2", "dotNETtask10.2\dotNETtask10.2.csproj", "{42765E96-62C2-4CE4-BED9-BA0B987B3DC6}"
EndProject
Global
	GlobalSection(SolutionConfigurationPlatforms) = preSolution
		Debug|Any CPU = Debug|Any CPU
		Release|Any CPU = Release|Any CPU
	EndGlobalSection
	GlobalSection(ProjectConfigurationPlatforms) = postSolution
		{42765E96-62C2-4CE4-BED9-BA0B987B3DC6}.Debug|Any CPU.ActiveCfg = Debug|Any CPU
		{42765E96-62C2-4CE4-BED9-BA0B987B3DC6}.Debug|Any CPU.Build.0 = Debug|Any CPU
		{42765E96-62C2-4CE4-BED9-BA0B987B3DC6}.Release|Any CPU.ActiveCfg = Release|Any CPU
		{42765E96-62C2-4CE4-BED9-BA0B987B3DC6}.Release|Any CPU.Build.0 = Release|Any CPU
	EndGlobalSection
	GlobalSection(SolutionProperties) = preSolution
		HideSolutionNode = FALSE
	EndGlobalSection
	GlobalSection(ExtensibilityGlobals) = postSolution
		SolutionGuid = {0F75957A-8EA6-4714-B671-EB4E225DD821}
	EndGlobalSection
EndGlobal
